
Microsoft Visual Studio Solution File, Format Version 12.00
# Visual Studio Version 17
VisualStudioVersion = 17.14.36429.23 d17.14
MinimumVisualStudioVersion = 10.0.40219.1
Project("{FAE04EC0-301F-11D3-BF4B-00C04F79EFBC}") = "QuanlykhoAPI", "QuanlykhoAPI.csproj", "{CBCBDA90-BDC7-43A1-88A3-D5A80DFC4271}"
EndProject
Global
	GlobalSection(SolutionConfigurationPlatforms) = preSolution
		Debug|Any CPU = Debug|Any CPU
		Release|Any CPU = Release|Any CPU
	EndGlobalSection
	GlobalSection(ProjectConfigurationPlatforms) = postSolution
		{CBCBDA90-BDC7-43A1-88A3-D5A80DFC4271}.Debug|Any CPU.ActiveCfg = Debug|Any CPU
		{CBCBDA90-BDC7-43A1-88A3-D5A80DFC4271}.Debug|Any CPU.Build.0 = Debug|Any CPU
		{CBCBDA90-BDC7-43A1-88A3-D5A80DFC4271}.Release|Any CPU.ActiveCfg = Release|Any CPU
		{CBCBDA90-BDC7-43A1-88A3-D5A80DFC4271}.Release|Any CPU.Build.0 = Release|Any CPU
	EndGlobalSection
	GlobalSection(SolutionProperties) = preSolution
		HideSolutionNode = FALSE
	EndGlobalSection
	GlobalSection(ExtensibilityGlobals) = postSolution
		SolutionGuid = {5EB8EE22-12E7-4CD3-A1B7-E0B22EB864D9}
	EndGlobalSection
EndGlobal
